
Microsoft Visual Studio Solution File, Format Version 12.00
# Visual Studio Version 16
VisualStudioVersion = 16.0.31112.23
MinimumVisualStudioVersion = 10.0.40219.1
Project("{888888A0-9F3D-457C-B088-3A5042F75D52}") = "Etudiant", "Etudiant.pyproj", "{B2C794B7-E7C2-476D-9A09-1F24619D97AD}"
EndProject
Global
	GlobalSection(SolutionConfigurationPlatforms) = preSolution
		Debug|Any CPU = Debug|Any CPU
		Release|Any CPU = Release|Any CPU
	EndGlobalSection
	GlobalSection(ProjectConfigurationPlatforms) = postSolution
		{B2C794B7-E7C2-476D-9A09-1F24619D97AD}.Debug|Any CPU.ActiveCfg = Debug|Any CPU
		{B2C794B7-E7C2-476D-9A09-1F24619D97AD}.Release|Any CPU.ActiveCfg = Release|Any CPU
	EndGlobalSection
	GlobalSection(SolutionProperties) = preSolution
		HideSolutionNode = FALSE
	EndGlobalSection
	GlobalSection(ExtensibilityGlobals) = postSolution
		SolutionGuid = {D656222B-624C-42AC-8F7E-632B3902A16D}
	EndGlobalSection
EndGlobal
